
Microsoft Visual Studio Solution File, Format Version 12.00
# Visual Studio Version 16
VisualStudioVersion = 25.0.1706.11
MinimumVisualStudioVersion = 10.0.40219.1
Project("{FAE04EC0-301F-11D3-BF4B-00C04F79EFBC}") = "Coding-challenges-1_CMD-WC", "ccwc\Coding-challenges-1_CMD-WC.csproj", "{83EE2E9F-38DA-422B-894C-BDFAAB9D932B}"
EndProject
Global
	GlobalSection(SolutionConfigurationPlatforms) = preSolution
		Debug|Any CPU = Debug|Any CPU
		Release|Any CPU = Release|Any CPU
	EndGlobalSection
	GlobalSection(ProjectConfigurationPlatforms) = postSolution
		{83EE2E9F-38DA-422B-894C-BDFAAB9D932B}.Debug|Any CPU.ActiveCfg = Debug|Any CPU
		{83EE2E9F-38DA-422B-894C-BDFAAB9D932B}.Debug|Any CPU.Build.0 = Debug|Any CPU
		{83EE2E9F-38DA-422B-894C-BDFAAB9D932B}.Release|Any CPU.ActiveCfg = Release|Any CPU
		{83EE2E9F-38DA-422B-894C-BDFAAB9D932B}.Release|Any CPU.Build.0 = Release|Any CPU
	EndGlobalSection
	GlobalSection(SolutionProperties) = preSolution
		HideSolutionNode = FALSE
	EndGlobalSection
	GlobalSection(ExtensibilityGlobals) = postSolution
		SolutionGuid = {A07111F7-8A4E-4F43-A79F-80C4E3A209CA}
	EndGlobalSection
EndGlobal
